
Microsoft Visual Studio Solution File, Format Version 12.00
# Visual Studio Version 16
VisualStudioVersion = 16.0.30711.63
MinimumVisualStudioVersion = 10.0.40219.1
Project("{9A19103F-16F7-4668-BE54-9A1E7A4F7556}") = "FoxyBurrow", "FoxyBurrow\FoxyBurrow.csproj", "{0EF66C36-FC57-4EC8-AA61-8C085EDB4E5D}"
EndProject
Project("{9A19103F-16F7-4668-BE54-9A1E7A4F7556}") = "FoxyBurrow.Core", "FoxyBurrow.Core\FoxyBurrow.Core.csproj", "{1077988D-02AE-403E-9C37-839F3D46209C}"
EndProject
Project("{9A19103F-16F7-4668-BE54-9A1E7A4F7556}") = "FoxyBurrow.Database", "FoxyBurrow.Database\FoxyBurrow.Database.csproj", "{2D098579-7328-47E2-AA99-C57C0B2A722D}"
EndProject
Project("{9A19103F-16F7-4668-BE54-9A1E7A4F7556}") = "FoxyBurrow.Service", "FoxyBurrow.Service\FoxyBurrow.Service.csproj", "{1F229148-4A2B-47A6-A8F8-24BD028F5893}"
EndProject
Project("{FAE04EC0-301F-11D3-BF4B-00C04F79EFBC}") = "FoxyBurrow.Test", "FoxyBurrow.Test\FoxyBurrow.Test.csproj", "{E08AD3C1-CC92-4AD2-A28A-921CAE086EF9}"
EndProject
Global
	GlobalSection(SolutionConfigurationPlatforms) = preSolution
		Debug|Any CPU = Debug|Any CPU
		Release|Any CPU = Release|Any CPU
	EndGlobalSection
	GlobalSection(ProjectConfigurationPlatforms) = postSolution
		{0EF66C36-FC57-4EC8-AA61-8C085EDB4E5D}.Debug|Any CPU.ActiveCfg = Debug|Any CPU
		{0EF66C36-FC57-4EC8-AA61-8C085EDB4E5D}.Debug|Any CPU.Build.0 = Debug|Any CPU
		{0EF66C36-FC57-4EC8-AA61-8C085EDB4E5D}.Release|Any CPU.ActiveCfg = Release|Any CPU
		{0EF66C36-FC57-4EC8-AA61-8C085EDB4E5D}.Release|Any CPU.Build.0 = Release|Any CPU
		{1077988D-02AE-403E-9C37-839F3D46209C}.Debug|Any CPU.ActiveCfg = Debug|Any CPU
		{1077988D-02AE-403E-9C37-839F3D46209C}.Debug|Any CPU.Build.0 = Debug|Any CPU
		{1077988D-02AE-403E-9C37-839F3D46209C}.Release|Any CPU.ActiveCfg = Release|Any CPU
		{1077988D-02AE-403E-9C37-839F3D46209C}.Release|Any CPU.Build.0 = Release|Any CPU
		{2D098579-7328-47E2-AA99-C57C0B2A722D}.Debug|Any CPU.ActiveCfg = Debug|Any CPU
		{2D098579-7328-47E2-AA99-C57C0B2A722D}.Debug|Any CPU.Build.0 = Debug|Any CPU
		{2D098579-7328-47E2-AA99-C57C0B2A722D}.Release|Any CPU.ActiveCfg = Release|Any CPU
		{2D098579-7328-47E2-AA99-C57C0B2A722D}.Release|Any CPU.Build.0 = Release|Any CPU
		{1F229148-4A2B-47A6-A8F8-24BD028F5893}.Debug|Any CPU.ActiveCfg = Debug|Any CPU
		{1F229148-4A2B-47A6-A8F8-24BD028F5893}.Debug|Any CPU.Build.0 = Debug|Any CPU
		{1F229148-4A2B-47A6-A8F8-24BD028F5893}.Release|Any CPU.ActiveCfg = Release|Any CPU
		{1F229148-4A2B-47A6-A8F8-24BD028F5893}.Release|Any CPU.Build.0 = Release|Any CPU
		{E08AD3C1-CC92-4AD2-A28A-921CAE086EF9}.Debug|Any CPU.ActiveCfg = Debug|Any CPU
		{E08AD3C1-CC92-4AD2-A28A-921CAE086EF9}.Debug|Any CPU.Build.0 = Debug|Any CPU
		{E08AD3C1-CC92-4AD2-A28A-921CAE086EF9}.Release|Any CPU.ActiveCfg = Release|Any CPU
		{E08AD3C1-CC92-4AD2-A28A-921CAE086EF9}.Release|Any CPU.Build.0 = Release|Any CPU
	EndGlobalSection
	GlobalSection(SolutionProperties) = preSolution
		HideSolutionNode = FALSE
	EndGlobalSection
	GlobalSection(ExtensibilityGlobals) = postSolution
		SolutionGuid = {ED662A96-AB6E-4972-8CDE-6BE393C4E178}
	EndGlobalSection
EndGlobal
